
Microsoft Visual Studio Solution File, Format Version 11.00
# Visual Studio 2010
Project("{FAE04EC0-301F-11D3-BF4B-00C04F79EFBC}") = "Settings", "Settings\Settings.csproj", "{f077b488-fcd2-42e0-98c0-d9986e0e7047}"
EndProject
Global
	GlobalSection(SolutionConfigurationPlatforms) = preSolution
		Debug|Any CPU = Debug|Any CPU
		Release|Any CPU = Release|Any CPU
	EndGlobalSection
	GlobalSection(ProjectConfigurationPlatforms) = postSolution
		{F077B488-FCD2-42E0-98C0-D9986E0E7047}.Debug|Any CPU.ActiveCfg = Debug|Any CPU
		{F077B488-FCD2-42E0-98C0-D9986E0E7047}.Debug|Any CPU.Build.0 = Debug|Any CPU
		{F077B488-FCD2-42E0-98C0-D9986E0E7047}.Release|Any CPU.ActiveCfg = Release|Any CPU
		{F077B488-FCD2-42E0-98C0-D9986E0E7047}.Release|Any CPU.Build.0 = Release|Any CPU
	EndGlobalSection
EndGlobal
