
Microsoft Visual Studio Solution File, Format Version 11.00
# Visual Studio 2010
Project("{FAE04EC0-301F-11D3-BF4B-00C04F79EFBC}") = "MusicPlayer", "MusicPlayer\MusicPlayer.csproj", "{387ADCEA-8AAA-48F2-BFCA-17ED533E6412}"
EndProject
Global
	GlobalSection(SolutionConfigurationPlatforms) = preSolution
		Debug|Any CPU = Debug|Any CPU
		Release|Any CPU = Release|Any CPU
	EndGlobalSection
	GlobalSection(ProjectConfigurationPlatforms) = postSolution
		{387ADCEA-8AAA-48F2-BFCA-17ED533E6412}.Debug|Any CPU.ActiveCfg = Debug|Any CPU
		{387ADCEA-8AAA-48F2-BFCA-17ED533E6412}.Debug|Any CPU.Build.0 = Debug|Any CPU
		{387ADCEA-8AAA-48F2-BFCA-17ED533E6412}.Release|Any CPU.ActiveCfg = Release|Any CPU
		{387ADCEA-8AAA-48F2-BFCA-17ED533E6412}.Release|Any CPU.Build.0 = Release|Any CPU
	EndGlobalSection
	GlobalSection(SolutionProperties) = preSolution
		HideSolutionNode = FALSE
	EndGlobalSection
EndGlobal
